# This file is autogenerated, do not edit; changes may be undone by the next 'dep ensure'.


[[projects]]
  name = "github.com/aws/aws-lambda-go"
  packages = [
    "events",
    "lambda",
    "lambda/messages",
    "lambdacontext"
  ]
  revision = "4d30d0ff60440c2d0480a15747c96ee71c3c53d4"
  version = "v1.2.0"

[[projects]]
  name = "github.com/dchest/siphash"
  packages = ["."]
  revision = "4ebf1de738443ea7f45f02dc394c4df1942a126d"
  version = "v1.1.0"

[[projects]]
  name = "github.com/ghodss/yaml"
  packages = ["."]
  revision = "0ca9ea5df5451ffdf184b4428c902747c2c11cd7"
  version = "v1.0.0"

[[projects]]
  name = "github.com/open-policy-agent/opa"
  packages = [
    "ast",
    "metrics",
    "rego",
    "storage",
    "storage/inmem",
    "topdown",
    "topdown/builtins",
    "types",
    "util"
  ]
  revision = "91ad1a786f8e3f930bcb3ba44aacdabec7a3a45d"
  version = "v0.8.1"

[[projects]]
  name = "github.com/pkg/errors"
  packages = ["."]
  revision = "645ef00459ed84a119197bfb8d8205042c6df63d"
  version = "v0.8.0"

[[projects]]
  branch = "master"
  name = "github.com/rcrowley/go-metrics"
  packages = ["."]
  revision = "e2704e165165ec55d062f5919b4b29494e9fa790"

[[projects]]
  branch = "master"
  name = "github.com/yashtewari/glob-intersection"
  packages = ["."]
  revision = "7af743e8ec8480fee1932a737a406f7ec817f910"

[[projects]]
  name = "gopkg.in/yaml.v2"
  packages = ["."]
  revision = "5420a8b6744d3b0345ab293f6fcba19c978f1183"
  version = "v2.2.1"

[solve-meta]
  analyzer-name = "dep"
  analyzer-version = 1
  inputs-digest = "65f1bd7bf11356390164f289e5982579a612af74cd4efb863500a7cacfe534a7"
  solver-name = "gps-cdcl"
  solver-version = 1
